// !$*UTF8*$!
{
	archiveVersion = 1;
	classes = {
	};
	objectVersion = 50;
	objects = {

/* Begin PBXBuildFile section */
		53637A8623D3AC3500198ABF /* AppDelegate.m in Sources */ = {isa = PBXBuildFile; fileRef = 53637A8523D3AC3500198ABF /* AppDelegate.m */; };
		53637A8923D3AC3500198ABF /* SceneDelegate.m in Sources */ = {isa = PBXBuildFile; fileRef = 53637A8823D3AC3500198ABF /* SceneDelegate.m */; };
		53637A8C23D3AC3500198ABF /* ViewController.m in Sources */ = {isa = PBXBuildFile; fileRef = 53637A8B23D3AC3500198ABF /* ViewController.m */; };
		53637A8F23D3AC3500198ABF /* Main.storyboard in Resources */ = {isa = PBXBuildFile; fileRef = 53637A8D23D3AC3500198ABF /* Main.storyboard */; };
		53637A9123D3AC3700198ABF /* Assets.xcassets in Resources */ = {isa = PBXBuildFile; fileRef = 53637A9023D3AC3700198ABF /* Assets.xcassets */; };
		53637A9423D3AC3700198ABF /* LaunchScreen.storyboard in Resources */ = {isa = PBXBuildFile; fileRef = 53637A9223D3AC3700198ABF /* LaunchScreen.storyboard */; };
		53637A9723D3AC3700198ABF /* main.m in Sources */ = {isa = PBXBuildFile; fileRef = 53637A9623D3AC3700198ABF /* main.m */; };
/* End PBXBuildFile section */

/* Begin PBXFileReference section */
		53637A8123D3AC3500198ABF /* ObjCLabb1.app */ = {isa = PBXFileReference; explicitFileType = wrapper.application; includeInIndex = 0; path = ObjCLabb1.app; sourceTree = BUILT_PRODUCTS_DIR; };
		53637A8423D3AC3500198ABF /* AppDelegate.h */ = {isa = PBXFileReference; lastKnownFileType = sourcecode.c.h; path = AppDelegate.h; sourceTree = "<group>"; };
		53637A8523D3AC3500198ABF /* AppDelegate.m */ = {isa = PBXFileReference; lastKnownFileType = sourcecode.c.objc; path = AppDelegate.m; sourceTree = "<group>"; };
		53637A8723D3AC3500198ABF /* SceneDelegate.h */ = {isa = PBXFileReference; lastKnownFileType = sourcecode.c.h; path = SceneDelegate.h; sourceTree = "<group>"; };
		53637A8823D3AC3500198ABF /* SceneDelegate.m */ = {isa = PBXFileReference; lastKnownFileType = sourcecode.c.objc; path = SceneDelegate.m; sourceTree = "<group>"; };
		53637A8A23D3AC3500198ABF /* ViewController.h */ = {isa = PBXFileReference; lastKnownFileType = sourcecode.c.h; path = ViewController.h; sourceTree = "<group>"; };
		53637A8B23D3AC3500198ABF /* ViewController.m */ = {isa = PBXFileReference; lastKnownFileType = sourcecode.c.objc; path = ViewController.m; sourceTree = "<group>"; };
		53637A8E23D3AC3500198ABF /* Base */ = {isa = PBXFileReference; lastKnownFileType = file.storyboard; name = Base; path = Base.lproj/Main.storyboard; sourceTree = "<group>"; };
		53637A9023D3AC3700198ABF /* Assets.xcassets */ = {isa = PBXFileReference; lastKnownFileType = folder.assetcatalog; path = Assets.xcassets; sourceTree = "<group>"; };
		53637A9323D3AC3700198ABF /* Base */ = {isa = PBXFileReference; lastKnownFileType = file.storyboard; name = Base; path = Base.lproj/LaunchScreen.storyboard; sourceTree = "<group>"; };
		53637A9523D3AC3700198ABF /* Info.plist */ = {isa = PBXFileReference; lastKnownFileType = text.plist.xml; path = Info.plist; sourceTree = "<group>"; };
		53637A9623D3AC3700198ABF /* main.m */ = {isa = PBXFileReference; lastKnownFileType = sourcecode.c.objc; path = main.m; sourceTree = "<group>"; };
/* End PBXFileReference section */

/* Begin PBXFrameworksBuildPhase section */
		53637A7E23D3AC3500198ABF /* Frameworks */ = {
			isa = PBXFrameworksBuildPhase;
			buildActionMask = 2147483647;
			files = (
			);
			runOnlyForDeploymentPostprocessing = 0;
		};
/* End PBXFrameworksBuildPhase section */

/* Begin PBXGroup section */
		53637A7823D3AC3500198ABF = {
			isa = PBXGroup;
			children = (
				53637A8323D3AC3500198ABF /* ObjCLabb1 */,
				53637A8223D3AC3500198ABF /* Products */,
			);
			sourceTree = "<group>";
		};
		53637A8223D3AC3500198ABF /* Products */ = {
			isa = PBXGroup;
			children = (
				53637A8123D3AC3500198ABF /* ObjCLabb1.app */,
			);
			name = Products;
			sourceTree = "<group>";
		};
		53637A8323D3AC3500198ABF /* ObjCLabb1 */ = {
			isa = PBXGroup;
			children = (
				53637A8423D3AC3500198ABF /* AppDelegate.h */,
				53637A8523D3AC3500198ABF /* AppDelegate.m */,
				53637A8723D3AC3500198ABF /* SceneDelegate.h */,
				53637A8823D3AC3500198ABF /* SceneDelegate.m */,
				53637A8A23D3AC3500198ABF /* ViewController.h */,
				53637A8B23D3AC3500198ABF /* ViewController.m */,
				53637A8D23D3AC3500198ABF /* Main.storyboard */,
				53637A9023D3AC3700198ABF /* Assets.xcassets */,
				53637A9223D3AC3700198ABF /* LaunchScreen.storyboard */,
				53637A9523D3AC3700198ABF /* Info.plist */,
				53637A9623D3AC3700198ABF /* main.m */,
			);
			path = ObjCLabb1;
			sourceTree = "<group>";
		};
/* End PBXGroup section */

/* Begin PBXNativeTarget section */
		53637A8023D3AC3500198ABF /* ObjCLabb1 */ = {
			isa = PBXNativeTarget;
			buildConfigurationList = 53637A9A23D3AC3700198ABF /* Build configuration list for PBXNativeTarget "ObjCLabb1" */;
			buildPhases = (
				53637A7D23D3AC3500198ABF /* Sources */,
				53637A7E23D3AC3500198ABF /* Frameworks */,
				53637A7F23D3AC3500198ABF /* Resources */,
			);
			buildRules = (
			);
			dependencies = (
			);
			name = ObjCLabb1;
			productName = ObjCLabb1;
			productReference = 53637A8123D3AC3500198ABF /* ObjCLabb1.app */;
			productType = "com.apple.product-type.application";
		};
/* End PBXNativeTarget section */

/* Begin PBXProject section */
		53637A7923D3AC3500198ABF /* Project object */ = {
			isa = PBXProject;
			attributes = {
				LastUpgradeCheck = 1130;
				ORGANIZATIONNAME = "Yahya Mokaied";
				TargetAttributes = {
					53637A8023D3AC3500198ABF = {
						CreatedOnToolsVersion = 11.3.1;
					};
				};
			};
			buildConfigurationList = 53637A7C23D3AC3500198ABF /* Build configuration list for PBXProject "ObjCLabb1" */;
			compatibilityVersion = "Xcode 9.3";
			developmentRegion = en;
			hasScannedForEncodings = 0;
			knownRegions = (
				en,
				Base,
			);
			mainGroup = 53637A7823D3AC3500198ABF;
			productRefGroup = 53637A8223D3AC3500198ABF /* Products */;
			projectDirPath = "";
			projectRoot = "";
			targets = (
				53637A8023D3AC3500198ABF /* ObjCLabb1 */,
			);
		};
/* End PBXProject section */

/* Begin PBXResourcesBuildPhase section */
		53637A7F23D3AC3500198ABF /* Resources */ = {
			isa = PBXResourcesBuildPhase;
			buildActionMask = 2147483647;
			files = (
				53637A9423D3AC3700198ABF /* LaunchScreen.storyboard in Resources */,
				53637A9123D3AC3700198ABF /* Assets.xcassets in Resources */,
				53637A8F23D3AC3500198ABF /* Main.storyboard in Resources */,
			);
			runOnlyForDeploymentPostprocessing = 0;
		};
/* End PBXResourcesBuildPhase section */

/* Begin PBXSourcesBuildPhase section */
		53637A7D23D3AC3500198ABF /* Sources */ = {
			isa = PBXSourcesBuildPhase;
			buildActionMask = 2147483647;
			files = (
				53637A8C23D3AC3500198ABF /* ViewController.m in Sources */,
				53637A8623D3AC3500198ABF /* AppDelegate.m in Sources */,
				53637A9723D3AC3700198ABF /* main.m in Sources */,
				53637A8923D3AC3500198ABF /* SceneDelegate.m in Sources */,
			);
			runOnlyForDeploymentPostprocessing = 0;
		};
/* End PBXSourcesBuildPhase section */

/* Begin PBXVariantGroup section */
		53637A8D23D3AC3500198ABF /* Main.storyboard */ = {
			isa = PBXVariantGroup;
			children = (
				53637A8E23D3AC3500198ABF /* Base */,
			);
			name = Main.storyboard;
			sourceTree = "<group>";
		};
		53637A9223D3AC3700198ABF /* LaunchScreen.storyboard */ = {
			isa = PBXVariantGroup;
			children = (
				53637A9323D3AC3700198ABF /* Base */,
			);
			name = LaunchScreen.storyboard;
			sourceTree = "<group>";
		};
/* End PBXVariantGroup section */

/* Begin XCBuildConfiguration section */
		53637A9823D3AC3700198ABF /* Debug */ = {
			isa = XCBuildConfiguration;
			buildSettings = {
				ALWAYS_SEARCH_USER_PATHS = NO;
				CLANG_ANALYZER_NONNULL = YES;
				CLANG_ANALYZER_NUMBER_OBJECT_CONVERSION = YES_AGGRESSIVE;
				CLANG_CXX_LANGUAGE_STANDARD = "gnu++14";
				CLANG_CXX_LIBRARY = "libc++";
				CLANG_ENABLE_MODULES = YES;
				CLANG_ENABLE_OBJC_ARC = YES;
				CLANG_ENABLE_OBJC_WEAK = YES;
				CLANG_WARN_BLOCK_CAPTURE_AUTORELEASING = YES;
				CLANG_WARN_BOOL_CONVERSION = YES;
				CLANG_WARN_COMMA = YES;
				CLANG_WARN_CONSTANT_CONVERSION = YES;
				CLANG_WARN_DEPRECATED_OBJC_IMPLEMENTATIONS = YES;
				CLANG_WARN_DIRECT_OBJC_ISA_USAGE = YES_ERROR;
				CLANG_WARN_DOCUMENTATION_COMMENTS = YES;
				CLANG_WARN_EMPTY_BODY = YES;
				CLANG_WARN_ENUM_CONVERSION = YES;
				CLANG_WARN_INFINITE_RECURSION = YES;
				CLANG_WARN_INT_CONVERSION = YES;
				CLANG_WARN_NON_LITERAL_NULL_CONVERSION = YES;
				CLANG_WARN_OBJC_IMPLICIT_RETAIN_SELF = YES;
				CLANG_WARN_OBJC_LITERAL_CONVERSION = YES;
				CLANG_WARN_OBJC_ROOT_CLASS = YES_ERROR;
				CLANG_WARN_RANGE_LOOP_ANALYSIS = YES;
				CLANG_WARN_STRICT_PROTOTYPES = YES;
				CLANG_WARN_SUSPICIOUS_MOVE = YES;
				CLANG_WARN_UNGUARDED_AVAILABILITY = YES_AGGRESSIVE;
				CLANG_WARN_UNREACHABLE_CODE = YES;
				CLANG_WARN__DUPLICATE_METHOD_MATCH = YES;
				COPY_PHASE_STRIP = NO;
				DEBUG_INFORMATION_FORMAT = dwarf;
				ENABLE_STRICT_OBJC_MSGSEND = YES;
				ENABLE_TESTABILITY = YES;
				GCC_C_LANGUAGE_STANDARD = gnu11;
				GCC_DYNAMIC_NO_PIC = NO;
				GCC_NO_COMMON_BLOCKS = YES;
				GCC_OPTIMIZATION_LEVEL = 0;
				GCC_PREPROCESSOR_DEFINITIONS = (
					"DEBUG=1",
					"$(inherited)",
				);
				GCC_WARN_64_TO_32_BIT_CONVERSION = YES;
				GCC_WARN_ABOUT_RETURN_TYPE = YES_ERROR;
				GCC_WARN_UNDECLARED_SELECTOR = YES;
				GCC_WARN_UNINITIALIZED_AUTOS = YES_AGGRESSIVE;
				GCC_WARN_UNUSED_FUNCTION = YES;
				GCC_WARN_UNUSED_VARIABLE = YES;
				IPHONEOS_DEPLOYMENT_TARGET = 13.2;
				MTL_ENABLE_DEBUG_INFO = INCLUDE_SOURCE;
				MTL_FAST_MATH = YES;
				ONLY_ACTIVE_ARCH = YES;
				SDKROOT = iphoneos;
			};
			name = Debug;
		};
		53637A9923D3AC3700198ABF /* Release */ = {
			isa = XCBuildConfiguration;
			buildSettings = {
				ALWAYS_SEARCH_USER_PATHS = NO;
				CLANG_ANALYZER_NONNULL = YES;
				CLANG_ANALYZER_NUMBER_OBJECT_CONVERSION = YES_AGGRESSIVE;
				CLANG_CXX_LANGUAGE_STANDARD = "gnu++14";
				CLANG_CXX_LIBRARY = "libc++";
				CLANG_ENABLE_MODULES = YES;
				CLANG_ENABLE_OBJC_ARC = YES;
				CLANG_ENABLE_OBJC_WEAK = YES;
				CLANG_WARN_BLOCK_CAPTURE_AUTORELEASING = YES;
				CLANG_WARN_BOOL_CONVERSION = YES;
				CLANG_WARN_COMMA = YES;
				CLANG_WARN_CONSTANT_CONVERSION = YES;
				CLANG_WARN_DEPRECATED_OBJC_IMPLEMENTATIONS = YES;
				CLANG_WARN_DIRECT_OBJC_ISA_USAGE = YES_ERROR;
				CLANG_WARN_DOCUMENTATION_COMMENTS = YES;
				CLANG_WARN_EMPTY_BODY = YES;
				CLANG_WARN_ENUM_CONVERSION = YES;
				CLANG_WARN_INFINITE_RECURSION = YES;
				CLANG_WARN_INT_CONVERSION = YES;
				CLANG_WARN_NON_LITERAL_NULL_CONVERSION = YES;
				CLANG_WARN_OBJC_IMPLICIT_RETAIN_SELF = YES;
				CLANG_WARN_OBJC_LITERAL_CONVERSION = YES;
				CLANG_WARN_OBJC_ROOT_CLASS = YES_ERROR;
				CLANG_WARN_RANGE_LOOP_ANALYSIS = YES;
				CLANG_WARN_STRICT_PROTOTYPES = YES;
				CLANG_WARN_SUSPICIOUS_MOVE = YES;
				CLANG_WARN_UNGUARDED_AVAILABILITY = YES_AGGRESSIVE;
				CLANG_WARN_UNREACHABLE_CODE = YES;
				CLANG_WARN__DUPLICATE_METHOD_MATCH = YES;
				COPY_PHASE_STRIP = NO;
				DEBUG_INFORMATION_FORMAT = "dwarf-with-dsym";
				ENABLE_NS_ASSERTIONS = NO;
				ENABLE_STRICT_OBJC_MSGSEND = YES;
				GCC_C_LANGUAGE_STANDARD = gnu11;
				GCC_NO_COMMON_BLOCKS = YES;
				GCC_WARN_64_TO_32_BIT_CONVERSION = YES;
				GCC_WARN_ABOUT_RETURN_TYPE = YES_ERROR;
				GCC_WARN_UNDECLARED_SELECTOR = YES;
				GCC_WARN_UNINITIALIZED_AUTOS = YES_AGGRESSIVE;
				GCC_WARN_UNUSED_FUNCTION = YES;
				GCC_WARN_UNUSED_VARIABLE = YES;
				IPHONEOS_DEPLOYMENT_TARGET = 13.2;
				MTL_ENABLE_DEBUG_INFO = NO;
				MTL_FAST_MATH = YES;
				SDKROOT = iphoneos;
				VALIDATE_PRODUCT = YES;
			};
			name = Release;
		};
		53637A9B23D3AC3700198ABF /* Debug */ = {
			isa = XCBuildConfiguration;
			buildSettings = {
				ASSETCATALOG_COMPILER_APPICON_NAME = AppIcon;
				CODE_SIGN_STYLE = Automatic;
				DEVELOPMENT_TEAM = 4MBD2QF9RW;
				INFOPLIST_FILE = ObjCLabb1/Info.plist;
				IPHONEOS_DEPLOYMENT_TARGET = 10.0;
				LD_RUNPATH_SEARCH_PATHS = (
					"$(inherited)",
					"@executable_path/Frameworks",
				);
				PRODUCT_BUNDLE_IDENTIFIER = Yahya.ObjCLabb1;
				PRODUCT_NAME = "$(TARGET_NAME)";
				TARGETED_DEVICE_FAMILY = 1;
			};
			name = Debug;
		};
		53637A9C23D3AC3700198ABF /* Release */ = {
			isa = XCBuildConfiguration;
			buildSettings = {
				ASSETCATALOG_COMPILER_APPICON_NAME = AppIcon;
				CODE_SIGN_STYLE = Automatic;
				DEVELOPMENT_TEAM = 4MBD2QF9RW;
				INFOPLIST_FILE = ObjCLabb1/Info.plist;
				IPHONEOS_DEPLOYMENT_TARGET = 10.0;
				LD_RUNPATH_SEARCH_PATHS = (
					"$(inherited)",
					"@executable_path/Frameworks",
				);
				PRODUCT_BUNDLE_IDENTIFIER = Yahya.ObjCLabb1;
				PRODUCT_NAME = "$(TARGET_NAME)";
				TARGETED_DEVICE_FAMILY = 1;
			};
			name = Release;
		};
/* End XCBuildConfiguration section */

/* Begin XCConfigurationList section */
		53637A7C23D3AC3500198ABF /* Build configuration list for PBXProject "ObjCLabb1" */ = {
			isa = XCConfigurationList;
			buildConfigurations = (
				53637A9823D3AC3700198ABF /* Debug */,
				53637A9923D3AC3700198ABF /* Release */,
			);
			defaultConfigurationIsVisible = 0;
			defaultConfigurationName = Release;
		};
		53637A9A23D3AC3700198ABF /* Build configuration list for PBXNativeTarget "ObjCLabb1" */ = {
			isa = XCConfigurationList;
			buildConfigurations = (
				53637A9B23D3AC3700198ABF /* Debug */,
				53637A9C23D3AC3700198ABF /* Release */,
			);
			defaultConfigurationIsVisible = 0;
			defaultConfigurationName = Release;
		};
/* End XCConfigurationList section */
	};
	rootObject = 53637A7923D3AC3500198ABF /* Project object */;
}
